
Microsoft Visual Studio Solution File, Format Version 12.00
# Visual Studio Version 16
VisualStudioVersion = 16.0.29306.81
MinimumVisualStudioVersion = 10.0.40219.1
Project("{FAE04EC0-301F-11D3-BF4B-00C04F79EFBC}") = "libreria_lean", "libreria_lean\libreria_lean.csproj", "{BA6448C8-C4E7-41A1-8218-89AF22069E34}"
EndProject
Project("{FAE04EC0-301F-11D3-BF4B-00C04F79EFBC}") = "Repository", "Repository\Repository.csproj", "{CDAB15B6-2935-42AF-AEFB-60F13298859D}"
EndProject
Project("{FAE04EC0-301F-11D3-BF4B-00C04F79EFBC}") = "Servicios", "Servicios\Servicios.csproj", "{1C9184D8-5738-45EB-A184-996B9C33D475}"
EndProject
Global
	GlobalSection(SolutionConfigurationPlatforms) = preSolution
		Debug|Any CPU = Debug|Any CPU
		Release|Any CPU = Release|Any CPU
	EndGlobalSection
	GlobalSection(ProjectConfigurationPlatforms) = postSolution
		{BA6448C8-C4E7-41A1-8218-89AF22069E34}.Debug|Any CPU.ActiveCfg = Debug|Any CPU
		{BA6448C8-C4E7-41A1-8218-89AF22069E34}.Debug|Any CPU.Build.0 = Debug|Any CPU
		{BA6448C8-C4E7-41A1-8218-89AF22069E34}.Release|Any CPU.ActiveCfg = Release|Any CPU
		{BA6448C8-C4E7-41A1-8218-89AF22069E34}.Release|Any CPU.Build.0 = Release|Any CPU
		{CDAB15B6-2935-42AF-AEFB-60F13298859D}.Debug|Any CPU.ActiveCfg = Debug|Any CPU
		{CDAB15B6-2935-42AF-AEFB-60F13298859D}.Debug|Any CPU.Build.0 = Debug|Any CPU
		{CDAB15B6-2935-42AF-AEFB-60F13298859D}.Release|Any CPU.ActiveCfg = Release|Any CPU
		{CDAB15B6-2935-42AF-AEFB-60F13298859D}.Release|Any CPU.Build.0 = Release|Any CPU
		{1C9184D8-5738-45EB-A184-996B9C33D475}.Debug|Any CPU.ActiveCfg = Debug|Any CPU
		{1C9184D8-5738-45EB-A184-996B9C33D475}.Debug|Any CPU.Build.0 = Debug|Any CPU
		{1C9184D8-5738-45EB-A184-996B9C33D475}.Release|Any CPU.ActiveCfg = Release|Any CPU
		{1C9184D8-5738-45EB-A184-996B9C33D475}.Release|Any CPU.Build.0 = Release|Any CPU
	EndGlobalSection
	GlobalSection(SolutionProperties) = preSolution
		HideSolutionNode = FALSE
	EndGlobalSection
	GlobalSection(ExtensibilityGlobals) = postSolution
		SolutionGuid = {9E365C66-361C-48ED-B9EB-CC807FBAECDF}
	EndGlobalSection
EndGlobal
